
Microsoft Visual Studio Solution File, Format Version 12.00
# Visual Studio Version 17
VisualStudioVersion = 17.11.35327.3
MinimumVisualStudioVersion = 10.0.40219.1
Project("{FAE04EC0-301F-11D3-BF4B-00C04F79EFBC}") = "Cau1", "Cau1\Cau1.csproj", "{68918AFC-4378-4093-A467-DCE9584FB9D2}"
EndProject
Global
	GlobalSection(SolutionConfigurationPlatforms) = preSolution
		Debug|Any CPU = Debug|Any CPU
		Release|Any CPU = Release|Any CPU
	EndGlobalSection
	GlobalSection(ProjectConfigurationPlatforms) = postSolution
		{68918AFC-4378-4093-A467-DCE9584FB9D2}.Debug|Any CPU.ActiveCfg = Debug|Any CPU
		{68918AFC-4378-4093-A467-DCE9584FB9D2}.Debug|Any CPU.Build.0 = Debug|Any CPU
		{68918AFC-4378-4093-A467-DCE9584FB9D2}.Release|Any CPU.ActiveCfg = Release|Any CPU
		{68918AFC-4378-4093-A467-DCE9584FB9D2}.Release|Any CPU.Build.0 = Release|Any CPU
	EndGlobalSection
	GlobalSection(SolutionProperties) = preSolution
		HideSolutionNode = FALSE
	EndGlobalSection
	GlobalSection(ExtensibilityGlobals) = postSolution
		SolutionGuid = {2CB8CDFB-5EBC-4A7D-830D-62FEF58FCF33}
	EndGlobalSection
EndGlobal
