
Microsoft Visual Studio Solution File, Format Version 12.00
# Visual Studio Version 17
VisualStudioVersion = 17.11.35327.3
MinimumVisualStudioVersion = 10.0.40219.1
Project("{FAE04EC0-301F-11D3-BF4B-00C04F79EFBC}") = "GameTerminal02", "GameTerminal02\GameTerminal02.csproj", "{03B10E58-BBBF-43E1-BBA4-E33A5610F71F}"
EndProject
Global
	GlobalSection(SolutionConfigurationPlatforms) = preSolution
		Debug|Any CPU = Debug|Any CPU
		Release|Any CPU = Release|Any CPU
	EndGlobalSection
	GlobalSection(ProjectConfigurationPlatforms) = postSolution
		{03B10E58-BBBF-43E1-BBA4-E33A5610F71F}.Debug|Any CPU.ActiveCfg = Debug|Any CPU
		{03B10E58-BBBF-43E1-BBA4-E33A5610F71F}.Debug|Any CPU.Build.0 = Debug|Any CPU
		{03B10E58-BBBF-43E1-BBA4-E33A5610F71F}.Release|Any CPU.ActiveCfg = Release|Any CPU
		{03B10E58-BBBF-43E1-BBA4-E33A5610F71F}.Release|Any CPU.Build.0 = Release|Any CPU
	EndGlobalSection
	GlobalSection(SolutionProperties) = preSolution
		HideSolutionNode = FALSE
	EndGlobalSection
	GlobalSection(ExtensibilityGlobals) = postSolution
		SolutionGuid = {8061E1FF-13A8-4F77-A522-4F9EB5881822}
	EndGlobalSection
EndGlobal
