
Microsoft Visual Studio Solution File, Format Version 12.00
# Visual Studio Version 17
VisualStudioVersion = 17.11.35327.3
MinimumVisualStudioVersion = 10.0.40219.1
Project("{FAE04EC0-301F-11D3-BF4B-00C04F79EFBC}") = "Cau2", "Cau2\Cau2.csproj", "{54F3D421-0D01-4F90-BD3C-BCFD4AAEA702}"
EndProject
Global
	GlobalSection(SolutionConfigurationPlatforms) = preSolution
		Debug|Any CPU = Debug|Any CPU
		Release|Any CPU = Release|Any CPU
	EndGlobalSection
	GlobalSection(ProjectConfigurationPlatforms) = postSolution
		{54F3D421-0D01-4F90-BD3C-BCFD4AAEA702}.Debug|Any CPU.ActiveCfg = Debug|Any CPU
		{54F3D421-0D01-4F90-BD3C-BCFD4AAEA702}.Debug|Any CPU.Build.0 = Debug|Any CPU
		{54F3D421-0D01-4F90-BD3C-BCFD4AAEA702}.Release|Any CPU.ActiveCfg = Release|Any CPU
		{54F3D421-0D01-4F90-BD3C-BCFD4AAEA702}.Release|Any CPU.Build.0 = Release|Any CPU
	EndGlobalSection
	GlobalSection(SolutionProperties) = preSolution
		HideSolutionNode = FALSE
	EndGlobalSection
	GlobalSection(ExtensibilityGlobals) = postSolution
		SolutionGuid = {BAC76BA6-A46E-435B-B323-A0E69F0EF245}
	EndGlobalSection
EndGlobal
